{
  "name": "@etotama/core.proptypes",
  "version": "0.1.0",
  "lockfileVersion": 1,
  "requires": true,
  "dependencies": {
    "infestines": {
      "version": "0.4.11",
      "resolved": "https://registry.npmjs.org/infestines/-/infestines-0.4.11.tgz",
      "integrity": "sha512-09nHagZLOYUaXKHqdV+nxEaYaD0hRlKyhQMhgTMwfbvWpMkowXf4XLZzAkLq6Y90wZ7Wqm6aMoL2trBsNNKGeg=="
    },
    "js-tokens": {
      "version": "4.0.0",
      "resolved": "https://registry.npmjs.org/js-tokens/-/js-tokens-4.0.0.tgz",
      "integrity": "sha512-RdJUflcE3cUzKiMqQgsCu06FPu9UdIJO0beYbPhHN4k6apgJtifcoCtT9bcxOpYBtpD2kCM6Sbzg4CausW/PKQ=="
    },
    "karet": {
      "version": "4.1.0",
      "resolved": "https://registry.npmjs.org/karet/-/karet-4.1.0.tgz",
      "integrity": "sha512-cWE3HOKpBK0hx37kjlbKB2h50t3ylAKLPRcCLfciuD63dXFnX6bDKaQV/sbXLWDHOBFh7NOGQZzDh1wOR930Gw==",
      "requires": {
        "infestines": "^0.4.10",
        "partial.lenses": "^14.0.0"
      }
    },
    "karet.lift": {
      "version": "2.1.0",
      "resolved": "https://registry.npmjs.org/karet.lift/-/karet.lift-2.1.0.tgz",
      "integrity": "sha512-f3WMShAv5My4fnJJebnJEsqtG5L5wUqTLAEHlncphf9Cdy7XhdY4poQWm15pQOWxILF6LQLC4opB6Cbg9D6RWg==",
      "requires": {
        "infestines": "^0.4.10",
        "partial.lenses": "^14.0.0"
      }
    },
    "karet.util": {
      "version": "0.19.1",
      "resolved": "https://registry.npmjs.org/karet.util/-/karet.util-0.19.1.tgz",
      "integrity": "sha512-ZA5v+IBRn0+cPCVplJQalWJMs8mQl3t8Dqfe9njSq9fhmaqIvEBvwpIxmePHbGrq7sGM2ZJP57PX2ZQPbo938g==",
      "requires": {
        "infestines": "^0.4.11",
        "karet": "^4.0.0",
        "karet.lift": "^2.1.0",
        "kefir.atom": "^5.5.1",
        "partial.lenses": "^14.0.0"
      }
    },
    "kefir": {
      "version": "3.8.6",
      "resolved": "https://registry.npmjs.org/kefir/-/kefir-3.8.6.tgz",
      "integrity": "sha512-H/8ZTjmEEme2YL388rgy5fFlz2NM4ZImNI2rJrTsR8og454kpY3lPVv53W9lfevNELfNeYD33gMdIKHL25z7WA==",
      "requires": {
        "symbol-observable": "1.0.4"
      }
    },
    "kefir.atom": {
      "version": "5.5.2",
      "resolved": "https://registry.npmjs.org/kefir.atom/-/kefir.atom-5.5.2.tgz",
      "integrity": "sha512-V1j2KODdsBxMdoW2MGgr6EqXzv36rFGxQ0tpiq9J60f/XprIGeuHrTMEA2LTD6hlbm9J/1+UVgKN329b77moTw==",
      "requires": {
        "infestines": "^0.4.10",
        "partial.lenses": ">=2.2.0"
      }
    },
    "loose-envify": {
      "version": "1.4.0",
      "resolved": "https://registry.npmjs.org/loose-envify/-/loose-envify-1.4.0.tgz",
      "integrity": "sha512-lyuxPGr/Wfhrlem2CL/UcnUc1zcqKAImBDzukY7Y5F/yQiNdko6+fRLevlw1HgMySw7f611UIY408EtxRSoK3Q==",
      "requires": {
        "js-tokens": "^3.0.0 || ^4.0.0"
      }
    },
    "object-assign": {
      "version": "4.1.1",
      "resolved": "https://registry.npmjs.org/object-assign/-/object-assign-4.1.1.tgz",
      "integrity": "sha1-IQmtx5ZYh8/AXLvUQsrIv7s2CGM="
    },
    "partial.lenses": {
      "version": "14.17.0",
      "resolved": "https://registry.npmjs.org/partial.lenses/-/partial.lenses-14.17.0.tgz",
      "integrity": "sha512-Iq+wDw5b5iwmn7b9MO+//buOqF0YoAC2Hsj+HoeG88BGeT3NkL/YwHNGDrySyX7xZSqj0LFEWwfgGSj4cSFmXQ==",
      "requires": {
        "infestines": "^0.4.11"
      }
    },
    "prop-types": {
      "version": "15.7.1",
      "resolved": "https://registry.npmjs.org/prop-types/-/prop-types-15.7.1.tgz",
      "integrity": "sha512-f8Lku2z9kERjOCcnDOPm68EBJAO2K00Q5mSgPAUE/gJuBgsYLbVy6owSrtcHj90zt8PvW+z0qaIIgsIhHOa1Qw==",
      "requires": {
        "object-assign": "^4.1.1",
        "react-is": "^16.8.1"
      }
    },
    "react": {
      "version": "16.8.1",
      "resolved": "https://registry.npmjs.org/react/-/react-16.8.1.tgz",
      "integrity": "sha512-wLw5CFGPdo7p/AgteFz7GblI2JPOos0+biSoxf1FPsGxWQZdN/pj6oToJs1crn61DL3Ln7mN86uZ4j74p31ELQ==",
      "requires": {
        "loose-envify": "^1.1.0",
        "object-assign": "^4.1.1",
        "prop-types": "^15.6.2",
        "scheduler": "^0.13.1"
      }
    },
    "react-is": {
      "version": "16.8.1",
      "resolved": "https://registry.npmjs.org/react-is/-/react-is-16.8.1.tgz",
      "integrity": "sha512-ioMCzVDWvCvKD8eeT+iukyWrBGrA3DiFYkXfBsVYIRdaREZuBjENG+KjrikavCLasozqRWTwFUagU/O4vPpRMA=="
    },
    "scheduler": {
      "version": "0.13.1",
      "resolved": "https://registry.npmjs.org/scheduler/-/scheduler-0.13.1.tgz",
      "integrity": "sha512-VJKOkiKIN2/6NOoexuypwSrybx13MY7NSy9RNt8wPvZDMRT1CW6qlpF5jXRToXNHz3uWzbm2elNpZfXfGPqP9A==",
      "requires": {
        "loose-envify": "^1.1.0",
        "object-assign": "^4.1.1"
      }
    },
    "symbol-observable": {
      "version": "1.0.4",
      "resolved": "https://registry.npmjs.org/symbol-observable/-/symbol-observable-1.0.4.tgz",
      "integrity": "sha1-Kb9hXUqnEhvdiYsi1LP5vE4qoD0="
    }
  }
}
