# THIS IS AN AUTOGENERATED FILE. DO NOT EDIT THIS FILE DIRECTLY.
# yarn lockfile v1


infestines@^0.4.11:
  version "0.4.11"
  resolved "https://registry.yarnpkg.com/infestines/-/infestines-0.4.11.tgz#1d0d164ff1831ffcbafbd02f53bc60140dd52197"
  integrity sha512-09nHagZLOYUaXKHqdV+nxEaYaD0hRlKyhQMhgTMwfbvWpMkowXf4XLZzAkLq6Y90wZ7Wqm6aMoL2trBsNNKGeg==

kefir@^3.8.6:
  version "3.8.6"
  resolved "https://registry.yarnpkg.com/kefir/-/kefir-3.8.6.tgz#046f0dabd870ff7cbfe039995c9bca2c1e68ac36"
  integrity sha512-H/8ZTjmEEme2YL388rgy5fFlz2NM4ZImNI2rJrTsR8og454kpY3lPVv53W9lfevNELfNeYD33gMdIKHL25z7WA==
  dependencies:
    symbol-observable "1.0.4"

partial.lenses@^14.17.0:
  version "14.17.0"
  resolved "https://registry.yarnpkg.com/partial.lenses/-/partial.lenses-14.17.0.tgz#5a57590668d5dfda6d2f7ac550068c1607e00eff"
  integrity sha512-Iq+wDw5b5iwmn7b9MO+//buOqF0YoAC2Hsj+HoeG88BGeT3NkL/YwHNGDrySyX7xZSqj0LFEWwfgGSj4cSFmXQ==
  dependencies:
    infestines "^0.4.11"

ramda@^0.26.1:
  version "0.26.1"
  resolved "https://registry.yarnpkg.com/ramda/-/ramda-0.26.1.tgz#8d41351eb8111c55353617fc3bbffad8e4d35d06"
  integrity sha512-hLWjpy7EnsDBb0p+Z3B7rPi3GDeRG5ZtiI33kJhTt+ORCd38AbAIjB/9zRIUoeTbE/AVX5ZkU7m6bznsvrf8eQ==

symbol-observable@1.0.4:
  version "1.0.4"
  resolved "https://registry.yarnpkg.com/symbol-observable/-/symbol-observable-1.0.4.tgz#29bf615d4aa7121bdd898b22d4b3f9bc4e2aa03d"
  integrity sha1-Kb9hXUqnEhvdiYsi1LP5vE4qoD0=
