{
  "name": "@etotama/core.events",
  "version": "1.0.0",
  "lockfileVersion": 1,
  "requires": true,
  "dependencies": {
    "infestines": {
      "version": "0.4.11",
      "resolved": "https://registry.npmjs.org/infestines/-/infestines-0.4.11.tgz",
      "integrity": "sha512-09nHagZLOYUaXKHqdV+nxEaYaD0hRlKyhQMhgTMwfbvWpMkowXf4XLZzAkLq6Y90wZ7Wqm6aMoL2trBsNNKGeg=="
    },
    "js-tokens": {
      "version": "4.0.0",
      "resolved": "https://registry.npmjs.org/js-tokens/-/js-tokens-4.0.0.tgz",
      "integrity": "sha512-RdJUflcE3cUzKiMqQgsCu06FPu9UdIJO0beYbPhHN4k6apgJtifcoCtT9bcxOpYBtpD2kCM6Sbzg4CausW/PKQ=="
    },
    "karet": {
      "version": "4.1.0",
      "resolved": "https://registry.npmjs.org/karet/-/karet-4.1.0.tgz",
      "integrity": "sha512-cWE3HOKpBK0hx37kjlbKB2h50t3ylAKLPRcCLfciuD63dXFnX6bDKaQV/sbXLWDHOBFh7NOGQZzDh1wOR930Gw==",
      "requires": {
        "infestines": "^0.4.10",
        "partial.lenses": "^14.0.0"
      }
    },
    "karet.lift": {
      "version": "2.1.0",
      "resolved": "https://registry.npmjs.org/karet.lift/-/karet.lift-2.1.0.tgz",
      "integrity": "sha512-f3WMShAv5My4fnJJebnJEsqtG5L5wUqTLAEHlncphf9Cdy7XhdY4poQWm15pQOWxILF6LQLC4opB6Cbg9D6RWg==",
      "requires": {
        "infestines": "^0.4.10",
        "partial.lenses": "^14.0.0"
      }
    },
    "karet.util": {
      "version": "0.19.1",
      "resolved": "https://registry.npmjs.org/karet.util/-/karet.util-0.19.1.tgz",
      "integrity": "sha512-ZA5v+IBRn0+cPCVplJQalWJMs8mQl3t8Dqfe9njSq9fhmaqIvEBvwpIxmePHbGrq7sGM2ZJP57PX2ZQPbo938g==",
      "requires": {
        "infestines": "^0.4.11",
        "karet": "^4.0.0",
        "karet.lift": "^2.1.0",
        "kefir.atom": "^5.5.1",
        "partial.lenses": "^14.0.0"
      }
    },
    "kefir": {
      "version": "3.8.6",
      "resolved": "https://registry.npmjs.org/kefir/-/kefir-3.8.6.tgz",
      "integrity": "sha512-H/8ZTjmEEme2YL388rgy5fFlz2NM4ZImNI2rJrTsR8og454kpY3lPVv53W9lfevNELfNeYD33gMdIKHL25z7WA==",
      "requires": {
        "symbol-observable": "1.0.4"
      }
    },
    "kefir.atom": {
      "version": "5.5.2",
      "resolved": "https://registry.npmjs.org/kefir.atom/-/kefir.atom-5.5.2.tgz",
      "integrity": "sha512-V1j2KODdsBxMdoW2MGgr6EqXzv36rFGxQ0tpiq9J60f/XprIGeuHrTMEA2LTD6hlbm9J/1+UVgKN329b77moTw==",
      "requires": {
        "infestines": "^0.4.10",
        "partial.lenses": ">=2.2.0"
      }
    },
    "kefir.partial.lenses": {
      "version": "14.17.0",
      "resolved": "https://registry.npmjs.org/kefir.partial.lenses/-/kefir.partial.lenses-14.17.0.tgz",
      "integrity": "sha512-wvHpIY4gnAcwd/rHpon65l4oIim/JIdjGWzLmO4KQEH9t5wHfCU5+imUI6lFrtmZVFR2XK8iJrU4wzEH8cU06Q==",
      "requires": {
        "karet.lift": "^2.1.0",
        "partial.lenses": "^14.17.0"
      }
    },
    "kefir.ramda": {
      "version": "0.26.0",
      "resolved": "https://registry.npmjs.org/kefir.ramda/-/kefir.ramda-0.26.0.tgz",
      "integrity": "sha512-J3gSk1HL3K9Za38rXgeHMl0RvBkXm0iBHlMzTP7Zy4Pbu2cZw/T9WiA7gd7fUSnFG9+X19oRtqWdDdhGc9crUA==",
      "requires": {
        "karet.lift": "^2.1.0",
        "ramda": "^0.26.0"
      }
    },
    "loose-envify": {
      "version": "1.4.0",
      "resolved": "https://registry.npmjs.org/loose-envify/-/loose-envify-1.4.0.tgz",
      "integrity": "sha512-lyuxPGr/Wfhrlem2CL/UcnUc1zcqKAImBDzukY7Y5F/yQiNdko6+fRLevlw1HgMySw7f611UIY408EtxRSoK3Q==",
      "requires": {
        "js-tokens": "^3.0.0 || ^4.0.0"
      }
    },
    "object-assign": {
      "version": "4.1.1",
      "resolved": "https://registry.npmjs.org/object-assign/-/object-assign-4.1.1.tgz",
      "integrity": "sha1-IQmtx5ZYh8/AXLvUQsrIv7s2CGM="
    },
    "partial.lenses": {
      "version": "14.17.0",
      "resolved": "https://registry.npmjs.org/partial.lenses/-/partial.lenses-14.17.0.tgz",
      "integrity": "sha512-Iq+wDw5b5iwmn7b9MO+//buOqF0YoAC2Hsj+HoeG88BGeT3NkL/YwHNGDrySyX7xZSqj0LFEWwfgGSj4cSFmXQ==",
      "requires": {
        "infestines": "^0.4.11"
      }
    },
    "prop-types": {
      "version": "15.7.2",
      "resolved": "https://registry.npmjs.org/prop-types/-/prop-types-15.7.2.tgz",
      "integrity": "sha512-8QQikdH7//R2vurIJSutZ1smHYTcLpRWEOlHnzcWHmBYrOGUysKwSsrC89BCiFj3CbrfJ/nXFdJepOVrY1GCHQ==",
      "requires": {
        "loose-envify": "^1.4.0",
        "object-assign": "^4.1.1",
        "react-is": "^16.8.1"
      }
    },
    "ramda": {
      "version": "0.26.1",
      "resolved": "https://registry.npmjs.org/ramda/-/ramda-0.26.1.tgz",
      "integrity": "sha512-hLWjpy7EnsDBb0p+Z3B7rPi3GDeRG5ZtiI33kJhTt+ORCd38AbAIjB/9zRIUoeTbE/AVX5ZkU7m6bznsvrf8eQ=="
    },
    "react": {
      "version": "16.8.2",
      "resolved": "https://registry.npmjs.org/react/-/react-16.8.2.tgz",
      "integrity": "sha512-aB2ctx9uQ9vo09HVknqv3DGRpI7OIGJhCx3Bt0QqoRluEjHSaObJl+nG12GDdYH6sTgE7YiPJ6ZUyMx9kICdXw==",
      "requires": {
        "loose-envify": "^1.1.0",
        "object-assign": "^4.1.1",
        "prop-types": "^15.6.2",
        "scheduler": "^0.13.2"
      }
    },
    "react-is": {
      "version": "16.8.2",
      "resolved": "https://registry.npmjs.org/react-is/-/react-is-16.8.2.tgz",
      "integrity": "sha512-D+NxhSR2HUCjYky1q1DwpNUD44cDpUXzSmmFyC3ug1bClcU/iDNy0YNn1iwme28fn+NFhpA13IndOd42CrFb+Q=="
    },
    "scheduler": {
      "version": "0.13.2",
      "resolved": "https://registry.npmjs.org/scheduler/-/scheduler-0.13.2.tgz",
      "integrity": "sha512-qK5P8tHS7vdEMCW5IPyt8v9MJOHqTrOUgPXib7tqm9vh834ibBX5BNhwkplX/0iOzHW5sXyluehYfS9yrkz9+w==",
      "requires": {
        "loose-envify": "^1.1.0",
        "object-assign": "^4.1.1"
      }
    },
    "symbol-observable": {
      "version": "1.0.4",
      "resolved": "https://registry.npmjs.org/symbol-observable/-/symbol-observable-1.0.4.tgz",
      "integrity": "sha1-Kb9hXUqnEhvdiYsi1LP5vE4qoD0="
    }
  }
}
